
Microsoft Visual Studio Solution File, Format Version 12.00
# Visual Studio 15
VisualStudioVersion = 15.0.28307.1831
MinimumVisualStudioVersion = 10.0.40219.1
Project("{FAE04EC0-301F-11D3-BF4B-00C04F79EFBC}") = "FileBrowser.UI", "FileBrowser.UI\FileBrowser.UI.csproj", "{00456953-FF55-47EE-93D1-BE44098CD127}"
EndProject
Global
	GlobalSection(SolutionConfigurationPlatforms) = preSolution
		Debug|Any CPU = Debug|Any CPU
		Release|Any CPU = Release|Any CPU
	EndGlobalSection
	GlobalSection(ProjectConfigurationPlatforms) = postSolution
		{00456953-FF55-47EE-93D1-BE44098CD127}.Debug|Any CPU.ActiveCfg = Debug|Any CPU
		{00456953-FF55-47EE-93D1-BE44098CD127}.Debug|Any CPU.Build.0 = Debug|Any CPU
		{00456953-FF55-47EE-93D1-BE44098CD127}.Release|Any CPU.ActiveCfg = Release|Any CPU
		{00456953-FF55-47EE-93D1-BE44098CD127}.Release|Any CPU.Build.0 = Release|Any CPU
	EndGlobalSection
	GlobalSection(SolutionProperties) = preSolution
		HideSolutionNode = FALSE
	EndGlobalSection
	GlobalSection(ExtensibilityGlobals) = postSolution
		SolutionGuid = {1B6E501E-9508-442C-8203-0964077D9F99}
	EndGlobalSection
EndGlobal
